
Microsoft Visual Studio Solution File, Format Version 12.00
# Visual Studio 15
VisualStudioVersion = 15.0.28307.168
MinimumVisualStudioVersion = 10.0.40219.1
Project("{FAE04EC0-301F-11D3-BF4B-00C04F79EFBC}") = "Assignment", "Inlämning\Assignment.csproj", "{BAB56E32-AEEE-4726-BE8A-26818E251550}"
EndProject
Project("{FAE04EC0-301F-11D3-BF4B-00C04F79EFBC}") = "ClassLibrary", "ClassLibrary\ClassLibrary.csproj", "{F548BD43-BBE0-4203-B37F-FE5369AD155E}"
EndProject
Global
	GlobalSection(SolutionConfigurationPlatforms) = preSolution
		Debug|Any CPU = Debug|Any CPU
		Release|Any CPU = Release|Any CPU
	EndGlobalSection
	GlobalSection(ProjectConfigurationPlatforms) = postSolution
		{BAB56E32-AEEE-4726-BE8A-26818E251550}.Debug|Any CPU.ActiveCfg = Debug|Any CPU
		{BAB56E32-AEEE-4726-BE8A-26818E251550}.Debug|Any CPU.Build.0 = Debug|Any CPU
		{BAB56E32-AEEE-4726-BE8A-26818E251550}.Release|Any CPU.ActiveCfg = Release|Any CPU
		{BAB56E32-AEEE-4726-BE8A-26818E251550}.Release|Any CPU.Build.0 = Release|Any CPU
		{F548BD43-BBE0-4203-B37F-FE5369AD155E}.Debug|Any CPU.ActiveCfg = Debug|Any CPU
		{F548BD43-BBE0-4203-B37F-FE5369AD155E}.Debug|Any CPU.Build.0 = Debug|Any CPU
		{F548BD43-BBE0-4203-B37F-FE5369AD155E}.Release|Any CPU.ActiveCfg = Release|Any CPU
		{F548BD43-BBE0-4203-B37F-FE5369AD155E}.Release|Any CPU.Build.0 = Release|Any CPU
	EndGlobalSection
	GlobalSection(SolutionProperties) = preSolution
		HideSolutionNode = FALSE
	EndGlobalSection
	GlobalSection(ExtensibilityGlobals) = postSolution
		SolutionGuid = {740EEAE7-0117-462C-845F-326A74ECC366}
	EndGlobalSection
EndGlobal
